
Microsoft Visual Studio Solution File, Format Version 11.00
# Visual Studio 2010
Project("{FAE04EC0-301F-11D3-BF4B-00C04F79EFBC}") = "Wordament", "Wordament\Wordament.csproj", "{E27EC099-5638-4DAD-BEB7-3D00E8B7E704}"
EndProject
Global
	GlobalSection(SolutionConfigurationPlatforms) = preSolution
		Debug|x86 = Debug|x86
		Release|x86 = Release|x86
	EndGlobalSection
	GlobalSection(ProjectConfigurationPlatforms) = postSolution
		{E27EC099-5638-4DAD-BEB7-3D00E8B7E704}.Debug|x86.ActiveCfg = Debug|x86
		{E27EC099-5638-4DAD-BEB7-3D00E8B7E704}.Debug|x86.Build.0 = Debug|x86
		{E27EC099-5638-4DAD-BEB7-3D00E8B7E704}.Release|x86.ActiveCfg = Release|x86
		{E27EC099-5638-4DAD-BEB7-3D00E8B7E704}.Release|x86.Build.0 = Release|x86
	EndGlobalSection
	GlobalSection(SolutionProperties) = preSolution
		HideSolutionNode = FALSE
	EndGlobalSection
EndGlobal
