
Microsoft Visual Studio Solution File, Format Version 12.00
# Visual Studio 2013
VisualStudioVersion = 12.0.30501.0
MinimumVisualStudioVersion = 10.0.40219.1
Project("{FAE04EC0-301F-11D3-BF4B-00C04F79EFBC}") = "OAuth1", "OAuth1\OAuth1.csproj", "{40B70378-175C-42A9-9177-04AFF3B17420}"
EndProject
Project("{2150E333-8FDC-42A3-9474-1A3956D46DE8}") = "PublishScripts", "PublishScripts", "{76C87628-6175-49F6-9423-513AE14B1EAD}"
	ProjectSection(SolutionItems) = preProject
		PublishScripts\AzureWebsitePublishModule.psm1 = PublishScripts\AzureWebsitePublishModule.psm1
		PublishScripts\Publish-WebApplicationWebsite.ps1 = PublishScripts\Publish-WebApplicationWebsite.ps1
	EndProjectSection
EndProject
Project("{2150E333-8FDC-42A3-9474-1A3956D46DE8}") = "Configurations", "Configurations", "{E211A167-995B-4155-B87A-C956B7DAA973}"
	ProjectSection(SolutionItems) = preProject
		PublishScripts\Configurations\OAuth1-WAWS-dev.json = PublishScripts\Configurations\OAuth1-WAWS-dev.json
	EndProjectSection
EndProject
Global
	GlobalSection(SolutionConfigurationPlatforms) = preSolution
		Debug|Any CPU = Debug|Any CPU
		Release|Any CPU = Release|Any CPU
	EndGlobalSection
	GlobalSection(ProjectConfigurationPlatforms) = postSolution
		{40B70378-175C-42A9-9177-04AFF3B17420}.Debug|Any CPU.ActiveCfg = Debug|Any CPU
		{40B70378-175C-42A9-9177-04AFF3B17420}.Debug|Any CPU.Build.0 = Debug|Any CPU
		{40B70378-175C-42A9-9177-04AFF3B17420}.Release|Any CPU.ActiveCfg = Release|Any CPU
		{40B70378-175C-42A9-9177-04AFF3B17420}.Release|Any CPU.Build.0 = Release|Any CPU
	EndGlobalSection
	GlobalSection(SolutionProperties) = preSolution
		HideSolutionNode = FALSE
	EndGlobalSection
	GlobalSection(NestedProjects) = preSolution
		{E211A167-995B-4155-B87A-C956B7DAA973} = {76C87628-6175-49F6-9423-513AE14B1EAD}
	EndGlobalSection
EndGlobal
